<?xml version="1.0" encoding="utf-8"?>
<Project ToolsVersion="4.0" xmlns="http://schemas.microsoft.com/developer/msbuild/2003">
  <ItemGroup>
    <Filter Include="资源文件">
      <UniqueIdentifier>{67DA6AB6-F800-4c08-8B7A-83BB121AAD01}</UniqueIdentifier>
      <Extensions>rc;ico;cur;bmp;dlg;rc2;rct;bin;rgs;gif;jpg;jpeg;jpe;resx;tiff;tif;png;wav;mfcribbon-ms</Extensions>
    </Filter>
    <Filter Include="Test">
      <UniqueIdentifier>{7b1ec4b3-1a49-4381-ae7a-b1c17f34d02c}</UniqueIdentifier>
    </Filter>
    <Filter Include="Detail">
      <UniqueIdentifier>{6469ad29-7bff-4cc1-a4f4-7b8f9152b5cc}</UniqueIdentifier>
    </Filter>
    <Filter Include="Header">
      <UniqueIdentifier>{93995380-89BD-4b04-88EB-625FBE52EBFB}</UniqueIdentifier>
      <Extensions>h;hh;hpp;hxx;hm;inl;inc;ipp;xsd</Extensions>
    </Filter>
    <Filter Include="Source">
      <UniqueIdentifier>{4FC737F1-C7A5-4376-A066-2A32D752A2FF}</UniqueIdentifier>
      <Extensions>cpp;c;cc;cxx;def;odl;idl;hpj;bat;asm;asmx</Extensions>
    </Filter>
  </ItemGroup>
  <ItemGroup>
    <ClInclude Include="xiterator.h">
      <Filter>Header</Filter>
    </ClInclude>
    <ClInclude Include="xalgorithm.h">
      <Filter>Header</Filter>
    </ClInclude>
    <ClInclude Include="xfunctional.h">
      <Filter>Header</Filter>
    </ClInclude>
    <ClInclude Include="xvector.h">
      <Filter>Header</Filter>
    </ClInclude>
    <ClInclude Include="xvector.impl.h">
      <Filter>Detail</Filter>
    </ClInclude>
    <ClInclude Include="xtypetrait.h">
      <Filter>Header</Filter>
    </ClInclude>
    <ClInclude Include="xalloc.h">
      <Filter>Header</Filter>
    </ClInclude>
    <ClInclude Include="xconstruct.h">
      <Filter>Header</Filter>
    </ClInclude>
    <ClInclude Include="xallocator.h">
      <Filter>Header</Filter>
    </ClInclude>
    <ClInclude Include="xreverseiterator.h">
      <Filter>Header</Filter>
    </ClInclude>
    <ClInclude Include="xuninitializedfunctions.h">
      <Filter>Header</Filter>
    </ClInclude>
    <ClInclude Include="xutility.h">
      <Filter>Header</Filter>
    </ClInclude>
    <ClInclude Include="xlist.impl.h">
      <Filter>Detail</Filter>
    </ClInclude>
    <ClInclude Include="xlist.h">
      <Filter>Header</Filter>
    </ClInclude>
    <ClInclude Include="xdeque.h">
      <Filter>Header</Filter>
    </ClInclude>
    <ClInclude Include="xdeque.impl.h">
      <Filter>Detail</Filter>
    </ClInclude>
    <ClInclude Include="xbitset.h">
      <Filter>Header</Filter>
    </ClInclude>
    <ClInclude Include="xstack.h">
      <Filter>Header</Filter>
    </ClInclude>
    <ClInclude Include="xqueue.h">
      <Filter>Header</Filter>
    </ClInclude>
    <ClInclude Include="xrbtree.h">
      <Filter>Header</Filter>
    </ClInclude>
    <ClInclude Include="xrbtree.impl.h">
      <Filter>Detail</Filter>
    </ClInclude>
    <ClInclude Include="xset.h">
      <Filter>Header</Filter>
    </ClInclude>
    <ClInclude Include="xmultiset.h">
      <Filter>Header</Filter>
    </ClInclude>
    <ClInclude Include="xmap.h">
      <Filter>Header</Filter>
    </ClInclude>
    <ClInclude Include="xmultimap.h">
      <Filter>Header</Filter>
    </ClInclude>
  </ItemGroup>
  <ItemGroup>
    <ClCompile Include="typename_vs_typedef.cpp">
      <Filter>Source</Filter>
    </ClCompile>
    <ClCompile Include="xfunctionaltest.cpp">
      <Filter>Test</Filter>
    </ClCompile>
    <ClCompile Include="xvector.cpp">
      <Filter>Test</Filter>
    </ClCompile>
    <ClCompile Include="xlist.cpp">
      <Filter>Test</Filter>
    </ClCompile>
    <ClCompile Include="xdeque.cpp">
      <Filter>Test</Filter>
    </ClCompile>
    <ClCompile Include="xbitset.cpp">
      <Filter>Test</Filter>
    </ClCompile>
    <ClCompile Include="xstack.cpp">
      <Filter>Test</Filter>
    </ClCompile>
    <ClCompile Include="xqueue.cpp">
      <Filter>Test</Filter>
    </ClCompile>
    <ClCompile Include="xpriorityqueue.cpp">
      <Filter>Test</Filter>
    </ClCompile>
    <ClCompile Include="xset.cpp">
      <Filter>Test</Filter>
    </ClCompile>
    <ClCompile Include="xmultiset.cpp">
      <Filter>Test</Filter>
    </ClCompile>
    <ClCompile Include="xmap.cpp">
      <Filter>Test</Filter>
    </ClCompile>
    <ClCompile Include="xmultimap.cpp">
      <Filter>Test</Filter>
    </ClCompile>
  </ItemGroup>
</Project>